
Microsoft Visual Studio Solution File, Format Version 12.00
Project("{FAE04EC0-301F-11D3-BF4B-00C04F79EFBC}") = "WLCoordinatesMod", "WLCoordinatesMod\WLCoordinatesMod.csproj", "{2F300411-AD74-475F-8D4C-E8A35BC4063A}"
EndProject
Global
	GlobalSection(SolutionConfigurationPlatforms) = preSolution
		Debug|Any CPU = Debug|Any CPU
		Release|Any CPU = Release|Any CPU
	EndGlobalSection
	GlobalSection(ProjectConfigurationPlatforms) = postSolution
		{2F300411-AD74-475F-8D4C-E8A35BC4063A}.Debug|Any CPU.ActiveCfg = Debug|Any CPU
		{2F300411-AD74-475F-8D4C-E8A35BC4063A}.Debug|Any CPU.Build.0 = Debug|Any CPU
		{2F300411-AD74-475F-8D4C-E8A35BC4063A}.Release|Any CPU.ActiveCfg = Release|Any CPU
		{2F300411-AD74-475F-8D4C-E8A35BC4063A}.Release|Any CPU.Build.0 = Release|Any CPU
	EndGlobalSection
EndGlobal
